
Microsoft Visual Studio Solution File, Format Version 12.00
# Visual Studio Version 16
VisualStudioVersion = 16.0.31321.278
MinimumVisualStudioVersion = 10.0.40219.1
Project("{9A19103F-16F7-4668-BE54-9A1E7A4F7556}") = "DirectId.Api", "DirectId.Api\DirectId.Api.csproj", "{07EE3F46-1E80-4C2F-A50A-9E2551A5F907}"
EndProject
Project("{FAE04EC0-301F-11D3-BF4B-00C04F79EFBC}") = "DirectId.Data", "DirectId.Data\DirectId.Data.csproj", "{8660F04A-B216-417D-A911-981FE51121E7}"
EndProject
Global
	GlobalSection(SolutionConfigurationPlatforms) = preSolution
		Debug|Any CPU = Debug|Any CPU
		Release|Any CPU = Release|Any CPU
	EndGlobalSection
	GlobalSection(ProjectConfigurationPlatforms) = postSolution
		{07EE3F46-1E80-4C2F-A50A-9E2551A5F907}.Debug|Any CPU.ActiveCfg = Debug|Any CPU
		{07EE3F46-1E80-4C2F-A50A-9E2551A5F907}.Debug|Any CPU.Build.0 = Debug|Any CPU
		{07EE3F46-1E80-4C2F-A50A-9E2551A5F907}.Release|Any CPU.ActiveCfg = Release|Any CPU
		{07EE3F46-1E80-4C2F-A50A-9E2551A5F907}.Release|Any CPU.Build.0 = Release|Any CPU
		{8660F04A-B216-417D-A911-981FE51121E7}.Debug|Any CPU.ActiveCfg = Debug|Any CPU
		{8660F04A-B216-417D-A911-981FE51121E7}.Debug|Any CPU.Build.0 = Debug|Any CPU
		{8660F04A-B216-417D-A911-981FE51121E7}.Release|Any CPU.ActiveCfg = Release|Any CPU
		{8660F04A-B216-417D-A911-981FE51121E7}.Release|Any CPU.Build.0 = Release|Any CPU
	EndGlobalSection
	GlobalSection(SolutionProperties) = preSolution
		HideSolutionNode = FALSE
	EndGlobalSection
	GlobalSection(ExtensibilityGlobals) = postSolution
		SolutionGuid = {BAD806D8-06BD-44EF-BD34-370E6E59CFB3}
	EndGlobalSection
EndGlobal
